// !$*UTF8*$!
{
	archiveVersion = 1;
	classes = {
	};
	objectVersion = 46;
	objects = {

/* Begin PBXBuildFile section */
		91ED47DC1C1EBE03009D47E7 /* AppDelegate.swift in Sources */ = {isa = PBXBuildFile; fileRef = 91ED47DB1C1EBE03009D47E7 /* AppDelegate.swift */; };
		91ED47DE1C1EBE03009D47E7 /* ViewController.swift in Sources */ = {isa = PBXBuildFile; fileRef = 91ED47DD1C1EBE03009D47E7 /* ViewController.swift */; };
		91ED47E11C1EBE04009D47E7 /* Main.storyboard in Resources */ = {isa = PBXBuildFile; fileRef = 91ED47DF1C1EBE04009D47E7 /* Main.storyboard */; };
		91ED47E31C1EBE04009D47E7 /* Assets.xcassets in Resources */ = {isa = PBXBuildFile; fileRef = 91ED47E21C1EBE04009D47E7 /* Assets.xcassets */; };
		91ED47E61C1EBE04009D47E7 /* LaunchScreen.storyboard in Resources */ = {isa = PBXBuildFile; fileRef = 91ED47E41C1EBE04009D47E7 /* LaunchScreen.storyboard */; };
		91ED47F11C1EBE04009D47E7 /* TipsTests.swift in Sources */ = {isa = PBXBuildFile; fileRef = 91ED47F01C1EBE04009D47E7 /* TipsTests.swift */; };
		91ED47FC1C1EBE04009D47E7 /* TipsUITests.swift in Sources */ = {isa = PBXBuildFile; fileRef = 91ED47FB1C1EBE04009D47E7 /* TipsUITests.swift */; };
/* End PBXBuildFile section */

/* Begin PBXContainerItemProxy section */
		91ED47ED1C1EBE04009D47E7 /* PBXContainerItemProxy */ = {
			isa = PBXContainerItemProxy;
			containerPortal = 91ED47D01C1EBE03009D47E7 /* Project object */;
			proxyType = 1;
			remoteGlobalIDString = 91ED47D71C1EBE03009D47E7;
			remoteInfo = Tips;
		};
		91ED47F81C1EBE04009D47E7 /* PBXContainerItemProxy */ = {
			isa = PBXContainerItemProxy;
			containerPortal = 91ED47D01C1EBE03009D47E7 /* Project object */;
			proxyType = 1;
			remoteGlobalIDString = 91ED47D71C1EBE03009D47E7;
			remoteInfo = Tips;
		};
/* End PBXContainerItemProxy section */

/* Begin PBXFileReference section */
		91ED47D81C1EBE03009D47E7 /* Tips.app */ = {isa = PBXFileReference; explicitFileType = wrapper.application; includeInIndex = 0; path = Tips.app; sourceTree = BUILT_PRODUCTS_DIR; };
		91ED47DB1C1EBE03009D47E7 /* AppDelegate.swift */ = {isa = PBXFileReference; lastKnownFileType = sourcecode.swift; path = AppDelegate.swift; sourceTree = "<group>"; };
		91ED47DD1C1EBE03009D47E7 /* ViewController.swift */ = {isa = PBXFileReference; lastKnownFileType = sourcecode.swift; path = ViewController.swift; sourceTree = "<group>"; };
		91ED47E01C1EBE04009D47E7 /* Base */ = {isa = PBXFileReference; lastKnownFileType = file.storyboard; name = Base; path = Base.lproj/Main.storyboard; sourceTree = "<group>"; };
		91ED47E21C1EBE04009D47E7 /* Assets.xcassets */ = {isa = PBXFileReference; lastKnownFileType = folder.assetcatalog; path = Assets.xcassets; sourceTree = "<group>"; };
		91ED47E51C1EBE04009D47E7 /* Base */ = {isa = PBXFileReference; lastKnownFileType = file.storyboard; name = Base; path = Base.lproj/LaunchScreen.storyboard; sourceTree = "<group>"; };
		91ED47E71C1EBE04009D47E7 /* Info.plist */ = {isa = PBXFileReference; lastKnownFileType = text.plist.xml; path = Info.plist; sourceTree = "<group>"; };
		91ED47EC1C1EBE04009D47E7 /* TipsTests.xctest */ = {isa = PBXFileReference; explicitFileType = wrapper.cfbundle; includeInIndex = 0; path = TipsTests.xctest; sourceTree = BUILT_PRODUCTS_DIR; };
		91ED47F01C1EBE04009D47E7 /* TipsTests.swift */ = {isa = PBXFileReference; lastKnownFileType = sourcecode.swift; path = TipsTests.swift; sourceTree = "<group>"; };
		91ED47F21C1EBE04009D47E7 /* Info.plist */ = {isa = PBXFileReference; lastKnownFileType = text.plist.xml; path = Info.plist; sourceTree = "<group>"; };
		91ED47F71C1EBE04009D47E7 /* TipsUITests.xctest */ = {isa = PBXFileReference; explicitFileType = wrapper.cfbundle; includeInIndex = 0; path = TipsUITests.xctest; sourceTree = BUILT_PRODUCTS_DIR; };
		91ED47FB1C1EBE04009D47E7 /* TipsUITests.swift */ = {isa = PBXFileReference; lastKnownFileType = sourcecode.swift; path = TipsUITests.swift; sourceTree = "<group>"; };
		91ED47FD1C1EBE04009D47E7 /* Info.plist */ = {isa = PBXFileReference; lastKnownFileType = text.plist.xml; path = Info.plist; sourceTree = "<group>"; };
/* End PBXFileReference section */

/* Begin PBXFrameworksBuildPhase section */
		91ED47D51C1EBE03009D47E7 /* Frameworks */ = {
			isa = PBXFrameworksBuildPhase;
			buildActionMask = 2147483647;
			files = (
			);
			runOnlyForDeploymentPostprocessing = 0;
		};
		91ED47E91C1EBE04009D47E7 /* Frameworks */ = {
			isa = PBXFrameworksBuildPhase;
			buildActionMask = 2147483647;
			files = (
			);
			runOnlyForDeploymentPostprocessing = 0;
		};
		91ED47F41C1EBE04009D47E7 /* Frameworks */ = {
			isa = PBXFrameworksBuildPhase;
			buildActionMask = 2147483647;
			files = (
			);
			runOnlyForDeploymentPostprocessing = 0;
		};
/* End PBXFrameworksBuildPhase section */

/* Begin PBXGroup section */
		91ED47CF1C1EBE03009D47E7 = {
			isa = PBXGroup;
			children = (
				91ED47DA1C1EBE03009D47E7 /* Tips */,
				91ED47EF1C1EBE04009D47E7 /* TipsTests */,
				91ED47FA1C1EBE04009D47E7 /* TipsUITests */,
				91ED47D91C1EBE03009D47E7 /* Products */,
			);
			sourceTree = "<group>";
		};
		91ED47D91C1EBE03009D47E7 /* Products */ = {
			isa = PBXGroup;
			children = (
				91ED47D81C1EBE03009D47E7 /* Tips.app */,
				91ED47EC1C1EBE04009D47E7 /* TipsTests.xctest */,
				91ED47F71C1EBE04009D47E7 /* TipsUITests.xctest */,
			);
			name = Products;
			sourceTree = "<group>";
		};
		91ED47DA1C1EBE03009D47E7 /* Tips */ = {
			isa = PBXGroup;
			children = (
				91ED47DB1C1EBE03009D47E7 /* AppDelegate.swift */,
				91ED47DD1C1EBE03009D47E7 /* ViewController.swift */,
				91ED47DF1C1EBE04009D47E7 /* Main.storyboard */,
				91ED47E21C1EBE04009D47E7 /* Assets.xcassets */,
				91ED47E41C1EBE04009D47E7 /* LaunchScreen.storyboard */,
				91ED47E71C1EBE04009D47E7 /* Info.plist */,
			);
			path = Tips;
			sourceTree = "<group>";
		};
		91ED47EF1C1EBE04009D47E7 /* TipsTests */ = {
			isa = PBXGroup;
			children = (
				91ED47F01C1EBE04009D47E7 /* TipsTests.swift */,
				91ED47F21C1EBE04009D47E7 /* Info.plist */,
			);
			path = TipsTests;
			sourceTree = "<group>";
		};
		91ED47FA1C1EBE04009D47E7 /* TipsUITests */ = {
			isa = PBXGroup;
			children = (
				91ED47FB1C1EBE04009D47E7 /* TipsUITests.swift */,
				91ED47FD1C1EBE04009D47E7 /* Info.plist */,
			);
			path = TipsUITests;
			sourceTree = "<group>";
		};
/* End PBXGroup section */

/* Begin PBXNativeTarget section */
		91ED47D71C1EBE03009D47E7 /* Tips */ = {
			isa = PBXNativeTarget;
			buildConfigurationList = 91ED48001C1EBE04009D47E7 /* Build configuration list for PBXNativeTarget "Tips" */;
			buildPhases = (
				91ED47D41C1EBE03009D47E7 /* Sources */,
				91ED47D51C1EBE03009D47E7 /* Frameworks */,
				91ED47D61C1EBE03009D47E7 /* Resources */,
			);
			buildRules = (
			);
			dependencies = (
			);
			name = Tips;
			productName = Tips;
			productReference = 91ED47D81C1EBE03009D47E7 /* Tips.app */;
			productType = "com.apple.product-type.application";
		};
		91ED47EB1C1EBE04009D47E7 /* TipsTests */ = {
			isa = PBXNativeTarget;
			buildConfigurationList = 91ED48031C1EBE04009D47E7 /* Build configuration list for PBXNativeTarget "TipsTests" */;
			buildPhases = (
				91ED47E81C1EBE04009D47E7 /* Sources */,
				91ED47E91C1EBE04009D47E7 /* Frameworks */,
				91ED47EA1C1EBE04009D47E7 /* Resources */,
			);
			buildRules = (
			);
			dependencies = (
				91ED47EE1C1EBE04009D47E7 /* PBXTargetDependency */,
			);
			name = TipsTests;
			productName = TipsTests;
			productReference = 91ED47EC1C1EBE04009D47E7 /* TipsTests.xctest */;
			productType = "com.apple.product-type.bundle.unit-test";
		};
		91ED47F61C1EBE04009D47E7 /* TipsUITests */ = {
			isa = PBXNativeTarget;
			buildConfigurationList = 91ED48061C1EBE04009D47E7 /* Build configuration list for PBXNativeTarget "TipsUITests" */;
			buildPhases = (
				91ED47F31C1EBE04009D47E7 /* Sources */,
				91ED47F41C1EBE04009D47E7 /* Frameworks */,
				91ED47F51C1EBE04009D47E7 /* Resources */,
			);
			buildRules = (
			);
			dependencies = (
				91ED47F91C1EBE04009D47E7 /* PBXTargetDependency */,
			);
			name = TipsUITests;
			productName = TipsUITests;
			productReference = 91ED47F71C1EBE04009D47E7 /* TipsUITests.xctest */;
			productType = "com.apple.product-type.bundle.ui-testing";
		};
/* End PBXNativeTarget section */

/* Begin PBXProject section */
		91ED47D01C1EBE03009D47E7 /* Project object */ = {
			isa = PBXProject;
			attributes = {
				LastUpgradeCheck = 0700;
				ORGANIZATIONNAME = Dougli;
				TargetAttributes = {
					91ED47D71C1EBE03009D47E7 = {
						CreatedOnToolsVersion = 7.0;
					};
					91ED47EB1C1EBE04009D47E7 = {
						CreatedOnToolsVersion = 7.0;
						TestTargetID = 91ED47D71C1EBE03009D47E7;
					};
					91ED47F61C1EBE04009D47E7 = {
						CreatedOnToolsVersion = 7.0;
						TestTargetID = 91ED47D71C1EBE03009D47E7;
					};
				};
			};
			buildConfigurationList = 91ED47D31C1EBE03009D47E7 /* Build configuration list for PBXProject "Tips" */;
			compatibilityVersion = "Xcode 3.2";
			developmentRegion = English;
			hasScannedForEncodings = 0;
			knownRegions = (
				en,
				Base,
			);
			mainGroup = 91ED47CF1C1EBE03009D47E7;
			productRefGroup = 91ED47D91C1EBE03009D47E7 /* Products */;
			projectDirPath = "";
			projectRoot = "";
			targets = (
				91ED47D71C1EBE03009D47E7 /* Tips */,
				91ED47EB1C1EBE04009D47E7 /* TipsTests */,
				91ED47F61C1EBE04009D47E7 /* TipsUITests */,
			);
		};
/* End PBXProject section */

/* Begin PBXResourcesBuildPhase section */
		91ED47D61C1EBE03009D47E7 /* Resources */ = {
			isa = PBXResourcesBuildPhase;
			buildActionMask = 2147483647;
			files = (
				91ED47E61C1EBE04009D47E7 /* LaunchScreen.storyboard in Resources */,
				91ED47E31C1EBE04009D47E7 /* Assets.xcassets in Resources */,
				91ED47E11C1EBE04009D47E7 /* Main.storyboard in Resources */,
			);
			runOnlyForDeploymentPostprocessing = 0;
		};
		91ED47EA1C1EBE04009D47E7 /* Resources */ = {
			isa = PBXResourcesBuildPhase;
			buildActionMask = 2147483647;
			files = (
			);
			runOnlyForDeploymentPostprocessing = 0;
		};
		91ED47F51C1EBE04009D47E7 /* Resources */ = {
			isa = PBXResourcesBuildPhase;
			buildActionMask = 2147483647;
			files = (
			);
			runOnlyForDeploymentPostprocessing = 0;
		};
/* End PBXResourcesBuildPhase section */

/* Begin PBXSourcesBuildPhase section */
		91ED47D41C1EBE03009D47E7 /* Sources */ = {
			isa = PBXSourcesBuildPhase;
			buildActionMask = 2147483647;
			files = (
				91ED47DE1C1EBE03009D47E7 /* ViewController.swift in Sources */,
				91ED47DC1C1EBE03009D47E7 /* AppDelegate.swift in Sources */,
			);
			runOnlyForDeploymentPostprocessing = 0;
		};
		91ED47E81C1EBE04009D47E7 /* Sources */ = {
			isa = PBXSourcesBuildPhase;
			buildActionMask = 2147483647;
			files = (
				91ED47F11C1EBE04009D47E7 /* TipsTests.swift in Sources */,
			);
			runOnlyForDeploymentPostprocessing = 0;
		};
		91ED47F31C1EBE04009D47E7 /* Sources */ = {
			isa = PBXSourcesBuildPhase;
			buildActionMask = 2147483647;
			files = (
				91ED47FC1C1EBE04009D47E7 /* TipsUITests.swift in Sources */,
			);
			runOnlyForDeploymentPostprocessing = 0;
		};
/* End PBXSourcesBuildPhase section */

/* Begin PBXTargetDependency section */
		91ED47EE1C1EBE04009D47E7 /* PBXTargetDependency */ = {
			isa = PBXTargetDependency;
			target = 91ED47D71C1EBE03009D47E7 /* Tips */;
			targetProxy = 91ED47ED1C1EBE04009D47E7 /* PBXContainerItemProxy */;
		};
		91ED47F91C1EBE04009D47E7 /* PBXTargetDependency */ = {
			isa = PBXTargetDependency;
			target = 91ED47D71C1EBE03009D47E7 /* Tips */;
			targetProxy = 91ED47F81C1EBE04009D47E7 /* PBXContainerItemProxy */;
		};
/* End PBXTargetDependency section */

/* Begin PBXVariantGroup section */
		91ED47DF1C1EBE04009D47E7 /* Main.storyboard */ = {
			isa = PBXVariantGroup;
			children = (
				91ED47E01C1EBE04009D47E7 /* Base */,
			);
			name = Main.storyboard;
			sourceTree = "<group>";
		};
		91ED47E41C1EBE04009D47E7 /* LaunchScreen.storyboard */ = {
			isa = PBXVariantGroup;
			children = (
				91ED47E51C1EBE04009D47E7 /* Base */,
			);
			name = LaunchScreen.storyboard;
			sourceTree = "<group>";
		};
/* End PBXVariantGroup section */

/* Begin XCBuildConfiguration section */
		91ED47FE1C1EBE04009D47E7 /* Debug */ = {
			isa = XCBuildConfiguration;
			buildSettings = {
				ALWAYS_SEARCH_USER_PATHS = NO;
				CLANG_CXX_LANGUAGE_STANDARD = "gnu++0x";
				CLANG_CXX_LIBRARY = "libc++";
				CLANG_ENABLE_MODULES = YES;
				CLANG_ENABLE_OBJC_ARC = YES;
				CLANG_WARN_BOOL_CONVERSION = YES;
				CLANG_WARN_CONSTANT_CONVERSION = YES;
				CLANG_WARN_DIRECT_OBJC_ISA_USAGE = YES_ERROR;
				CLANG_WARN_EMPTY_BODY = YES;
				CLANG_WARN_ENUM_CONVERSION = YES;
				CLANG_WARN_INT_CONVERSION = YES;
				CLANG_WARN_OBJC_ROOT_CLASS = YES_ERROR;
				CLANG_WARN_UNREACHABLE_CODE = YES;
				CLANG_WARN__DUPLICATE_METHOD_MATCH = YES;
				"CODE_SIGN_IDENTITY[sdk=iphoneos*]" = "iPhone Developer";
				COPY_PHASE_STRIP = NO;
				DEBUG_INFORMATION_FORMAT = dwarf;
				ENABLE_STRICT_OBJC_MSGSEND = YES;
				ENABLE_TESTABILITY = YES;
				GCC_C_LANGUAGE_STANDARD = gnu99;
				GCC_DYNAMIC_NO_PIC = NO;
				GCC_NO_COMMON_BLOCKS = YES;
				GCC_OPTIMIZATION_LEVEL = 0;
				GCC_PREPROCESSOR_DEFINITIONS = (
					"DEBUG=1",
					"$(inherited)",
				);
				GCC_WARN_64_TO_32_BIT_CONVERSION = YES;
				GCC_WARN_ABOUT_RETURN_TYPE = YES_ERROR;
				GCC_WARN_UNDECLARED_SELECTOR = YES;
				GCC_WARN_UNINITIALIZED_AUTOS = YES_AGGRESSIVE;
				GCC_WARN_UNUSED_FUNCTION = YES;
				GCC_WARN_UNUSED_VARIABLE = YES;
				IPHONEOS_DEPLOYMENT_TARGET = 9.0;
				MTL_ENABLE_DEBUG_INFO = YES;
				ONLY_ACTIVE_ARCH = YES;
				SDKROOT = iphoneos;
				SWIFT_OPTIMIZATION_LEVEL = "-Onone";
			};
			name = Debug;
		};
		91ED47FF1C1EBE04009D47E7 /* Release */ = {
			isa = XCBuildConfiguration;
			buildSettings = {
				ALWAYS_SEARCH_USER_PATHS = NO;
				CLANG_CXX_LANGUAGE_STANDARD = "gnu++0x";
				CLANG_CXX_LIBRARY = "libc++";
				CLANG_ENABLE_MODULES = YES;
				CLANG_ENABLE_OBJC_ARC = YES;
				CLANG_WARN_BOOL_CONVERSION = YES;
				CLANG_WARN_CONSTANT_CONVERSION = YES;
				CLANG_WARN_DIRECT_OBJC_ISA_USAGE = YES_ERROR;
				CLANG_WARN_EMPTY_BODY = YES;
				CLANG_WARN_ENUM_CONVERSION = YES;
				CLANG_WARN_INT_CONVERSION = YES;
				CLANG_WARN_OBJC_ROOT_CLASS = YES_ERROR;
				CLANG_WARN_UNREACHABLE_CODE = YES;
				CLANG_WARN__DUPLICATE_METHOD_MATCH = YES;
				"CODE_SIGN_IDENTITY[sdk=iphoneos*]" = "iPhone Developer";
				COPY_PHASE_STRIP = NO;
				DEBUG_INFORMATION_FORMAT = "dwarf-with-dsym";
				ENABLE_NS_ASSERTIONS = NO;
				ENABLE_STRICT_OBJC_MSGSEND = YES;
				GCC_C_LANGUAGE_STANDARD = gnu99;
				GCC_NO_COMMON_BLOCKS = YES;
				GCC_WARN_64_TO_32_BIT_CONVERSION = YES;
				GCC_WARN_ABOUT_RETURN_TYPE = YES_ERROR;
				GCC_WARN_UNDECLARED_SELECTOR = YES;
				GCC_WARN_UNINITIALIZED_AUTOS = YES_AGGRESSIVE;
				GCC_WARN_UNUSED_FUNCTION = YES;
				GCC_WARN_UNUSED_VARIABLE = YES;
				IPHONEOS_DEPLOYMENT_TARGET = 9.0;
				MTL_ENABLE_DEBUG_INFO = NO;
				SDKROOT = iphoneos;
				VALIDATE_PRODUCT = YES;
			};
			name = Release;
		};
		91ED48011C1EBE04009D47E7 /* Debug */ = {
			isa = XCBuildConfiguration;
			buildSettings = {
				ASSETCATALOG_COMPILER_APPICON_NAME = AppIcon;
				INFOPLIST_FILE = Tips/Info.plist;
				LD_RUNPATH_SEARCH_PATHS = "$(inherited) @executable_path/Frameworks";
				PRODUCT_BUNDLE_IDENTIFIER = CCSF.Tips;
				PRODUCT_NAME = "$(TARGET_NAME)";
			};
			name = Debug;
		};
		91ED48021C1EBE04009D47E7 /* Release */ = {
			isa = XCBuildConfiguration;
			buildSettings = {
				ASSETCATALOG_COMPILER_APPICON_NAME = AppIcon;
				INFOPLIST_FILE = Tips/Info.plist;
				LD_RUNPATH_SEARCH_PATHS = "$(inherited) @executable_path/Frameworks";
				PRODUCT_BUNDLE_IDENTIFIER = CCSF.Tips;
				PRODUCT_NAME = "$(TARGET_NAME)";
			};
			name = Release;
		};
		91ED48041C1EBE04009D47E7 /* Debug */ = {
			isa = XCBuildConfiguration;
			buildSettings = {
				BUNDLE_LOADER = "$(TEST_HOST)";
				INFOPLIST_FILE = TipsTests/Info.plist;
				LD_RUNPATH_SEARCH_PATHS = "$(inherited) @executable_path/Frameworks @loader_path/Frameworks";
				PRODUCT_BUNDLE_IDENTIFIER = CCSF.TipsTests;
				PRODUCT_NAME = "$(TARGET_NAME)";
				TEST_HOST = "$(BUILT_PRODUCTS_DIR)/Tips.app/Tips";
			};
			name = Debug;
		};
		91ED48051C1EBE04009D47E7 /* Release */ = {
			isa = XCBuildConfiguration;
			buildSettings = {
				BUNDLE_LOADER = "$(TEST_HOST)";
				INFOPLIST_FILE = TipsTests/Info.plist;
				LD_RUNPATH_SEARCH_PATHS = "$(inherited) @executable_path/Frameworks @loader_path/Frameworks";
				PRODUCT_BUNDLE_IDENTIFIER = CCSF.TipsTests;
				PRODUCT_NAME = "$(TARGET_NAME)";
				TEST_HOST = "$(BUILT_PRODUCTS_DIR)/Tips.app/Tips";
			};
			name = Release;
		};
		91ED48071C1EBE04009D47E7 /* Debug */ = {
			isa = XCBuildConfiguration;
			buildSettings = {
				INFOPLIST_FILE = TipsUITests/Info.plist;
				LD_RUNPATH_SEARCH_PATHS = "$(inherited) @executable_path/Frameworks @loader_path/Frameworks";
				PRODUCT_BUNDLE_IDENTIFIER = CCSF.TipsUITests;
				PRODUCT_NAME = "$(TARGET_NAME)";
				TEST_TARGET_NAME = Tips;
				USES_XCTRUNNER = YES;
			};
			name = Debug;
		};
		91ED48081C1EBE04009D47E7 /* Release */ = {
			isa = XCBuildConfiguration;
			buildSettings = {
				INFOPLIST_FILE = TipsUITests/Info.plist;
				LD_RUNPATH_SEARCH_PATHS = "$(inherited) @executable_path/Frameworks @loader_path/Frameworks";
				PRODUCT_BUNDLE_IDENTIFIER = CCSF.TipsUITests;
				PRODUCT_NAME = "$(TARGET_NAME)";
				TEST_TARGET_NAME = Tips;
				USES_XCTRUNNER = YES;
			};
			name = Release;
		};
/* End XCBuildConfiguration section */

/* Begin XCConfigurationList section */
		91ED47D31C1EBE03009D47E7 /* Build configuration list for PBXProject "Tips" */ = {
			isa = XCConfigurationList;
			buildConfigurations = (
				91ED47FE1C1EBE04009D47E7 /* Debug */,
				91ED47FF1C1EBE04009D47E7 /* Release */,
			);
			defaultConfigurationIsVisible = 0;
			defaultConfigurationName = Release;
		};
		91ED48001C1EBE04009D47E7 /* Build configuration list for PBXNativeTarget "Tips" */ = {
			isa = XCConfigurationList;
			buildConfigurations = (
				91ED48011C1EBE04009D47E7 /* Debug */,
				91ED48021C1EBE04009D47E7 /* Release */,
			);
			defaultConfigurationIsVisible = 0;
		};
		91ED48031C1EBE04009D47E7 /* Build configuration list for PBXNativeTarget "TipsTests" */ = {
			isa = XCConfigurationList;
			buildConfigurations = (
				91ED48041C1EBE04009D47E7 /* Debug */,
				91ED48051C1EBE04009D47E7 /* Release */,
			);
			defaultConfigurationIsVisible = 0;
		};
		91ED48061C1EBE04009D47E7 /* Build configuration list for PBXNativeTarget "TipsUITests" */ = {
			isa = XCConfigurationList;
			buildConfigurations = (
				91ED48071C1EBE04009D47E7 /* Debug */,
				91ED48081C1EBE04009D47E7 /* Release */,
			);
			defaultConfigurationIsVisible = 0;
		};
/* End XCConfigurationList section */
	};
	rootObject = 91ED47D01C1EBE03009D47E7 /* Project object */;
}
